
Microsoft Visual Studio Solution File, Format Version 12.00
# Visual Studio Version 17
VisualStudioVersion = 17.11.35327.3
MinimumVisualStudioVersion = 10.0.40219.1
Project("{FAE04EC0-301F-11D3-BF4B-00C04F79EFBC}") = "lab5_task2", "lab5_task2.csproj", "{901DDAA6-6F85-4711-AD8A-A6B51956D9CB}"
EndProject
Global
	GlobalSection(SolutionConfigurationPlatforms) = preSolution
		Debug|Any CPU = Debug|Any CPU
		Release|Any CPU = Release|Any CPU
	EndGlobalSection
	GlobalSection(ProjectConfigurationPlatforms) = postSolution
		{901DDAA6-6F85-4711-AD8A-A6B51956D9CB}.Debug|Any CPU.ActiveCfg = Debug|Any CPU
		{901DDAA6-6F85-4711-AD8A-A6B51956D9CB}.Debug|Any CPU.Build.0 = Debug|Any CPU
		{901DDAA6-6F85-4711-AD8A-A6B51956D9CB}.Release|Any CPU.ActiveCfg = Release|Any CPU
		{901DDAA6-6F85-4711-AD8A-A6B51956D9CB}.Release|Any CPU.Build.0 = Release|Any CPU
	EndGlobalSection
	GlobalSection(SolutionProperties) = preSolution
		HideSolutionNode = FALSE
	EndGlobalSection
	GlobalSection(ExtensibilityGlobals) = postSolution
		SolutionGuid = {F290464A-AA2F-45B5-B7AA-5A391241F2E2}
	EndGlobalSection
EndGlobal
